
Microsoft Visual Studio Solution File, Format Version 10.00
# Visual Studio 2008
Project("{8BC9CEB8-8B4A-11D0-8D11-00A0C91BC942}") = "STACK", "STACK.vcproj", "{D05559F6-DB17-4DCB-AD44-1D449AD58E8A}"
EndProject
Global
	GlobalSection(SolutionConfigurationPlatforms) = preSolution
		Debug|Win32 = Debug|Win32
		Release|Win32 = Release|Win32
	EndGlobalSection
	GlobalSection(ProjectConfigurationPlatforms) = postSolution
		{D05559F6-DB17-4DCB-AD44-1D449AD58E8A}.Debug|Win32.ActiveCfg = Debug|Win32
		{D05559F6-DB17-4DCB-AD44-1D449AD58E8A}.Debug|Win32.Build.0 = Debug|Win32
		{D05559F6-DB17-4DCB-AD44-1D449AD58E8A}.Release|Win32.ActiveCfg = Release|Win32
		{D05559F6-DB17-4DCB-AD44-1D449AD58E8A}.Release|Win32.Build.0 = Release|Win32
	EndGlobalSection
	GlobalSection(SolutionProperties) = preSolution
		HideSolutionNode = FALSE
	EndGlobalSection
EndGlobal
